
Microsoft Visual Studio Solution File, Format Version 12.00
# Visual Studio Version 17
VisualStudioVersion = 17.2.32526.322
MinimumVisualStudioVersion = 10.0.40219.1
Project("{FAE04EC0-301F-11D3-BF4B-00C04F79EFBC}") = "HashTableChallenge", "HashTableChallenge.csproj", "{1E38E6AB-8F23-4B60-87DA-703630B17D24}"
EndProject
Global
	GlobalSection(SolutionConfigurationPlatforms) = preSolution
		Debug|Any CPU = Debug|Any CPU
		Release|Any CPU = Release|Any CPU
	EndGlobalSection
	GlobalSection(ProjectConfigurationPlatforms) = postSolution
		{1E38E6AB-8F23-4B60-87DA-703630B17D24}.Debug|Any CPU.ActiveCfg = Debug|Any CPU
		{1E38E6AB-8F23-4B60-87DA-703630B17D24}.Debug|Any CPU.Build.0 = Debug|Any CPU
		{1E38E6AB-8F23-4B60-87DA-703630B17D24}.Release|Any CPU.ActiveCfg = Release|Any CPU
		{1E38E6AB-8F23-4B60-87DA-703630B17D24}.Release|Any CPU.Build.0 = Release|Any CPU
	EndGlobalSection
	GlobalSection(SolutionProperties) = preSolution
		HideSolutionNode = FALSE
	EndGlobalSection
	GlobalSection(ExtensibilityGlobals) = postSolution
		SolutionGuid = {80F6E27F-9727-4022-BABE-3858FE118795}
	EndGlobalSection
EndGlobal
